
Microsoft Visual Studio Solution File, Format Version 12.00
# Visual Studio Version 17
VisualStudioVersion = 17.5.33209.295
MinimumVisualStudioVersion = 10.0.40219.1
Project("{9A19103F-16F7-4668-BE54-9A1E7A4F7556}") = "app.EntityModel", "app.EntityModel\app.EntityModel.csproj", "{9F9AA343-70DE-4B0F-8732-367C9B4FCE04}"
EndProject
Project("{9A19103F-16F7-4668-BE54-9A1E7A4F7556}") = "app.Infrastructure", "app.Infrastructure\app.Infrastructure.csproj", "{1D70984D-E84A-4051-94FD-0015AF646379}"
EndProject
Project("{9A19103F-16F7-4668-BE54-9A1E7A4F7556}") = "app.Services", "app.BusinessLogic\app.Services.csproj", "{45A09FE4-BC3D-4862-99D2-98C82AAB69F7}"
	ProjectSection(ProjectDependencies) = postProject
		{32244A98-9C6E-4FF1-8A3C-B8FCCED01E40} = {32244A98-9C6E-4FF1-8A3C-B8FCCED01E40}
	EndProjectSection
EndProject
Project("{9A19103F-16F7-4668-BE54-9A1E7A4F7556}") = "app.Utility", "app.Utility\app.Utility.csproj", "{32244A98-9C6E-4FF1-8A3C-B8FCCED01E40}"
EndProject
Project("{9A19103F-16F7-4668-BE54-9A1E7A4F7556}") = "app.WebApp", "app.WebApp\app.WebApp.csproj", "{CC4BA640-F120-45E2-AEFE-6DA6805CEF14}"
EndProject
Global
	GlobalSection(SolutionConfigurationPlatforms) = preSolution
		Debug|Any CPU = Debug|Any CPU
		Release|Any CPU = Release|Any CPU
	EndGlobalSection
	GlobalSection(ProjectConfigurationPlatforms) = postSolution
		{9F9AA343-70DE-4B0F-8732-367C9B4FCE04}.Debug|Any CPU.ActiveCfg = Debug|Any CPU
		{9F9AA343-70DE-4B0F-8732-367C9B4FCE04}.Debug|Any CPU.Build.0 = Debug|Any CPU
		{9F9AA343-70DE-4B0F-8732-367C9B4FCE04}.Release|Any CPU.ActiveCfg = Release|Any CPU
		{9F9AA343-70DE-4B0F-8732-367C9B4FCE04}.Release|Any CPU.Build.0 = Release|Any CPU
		{1D70984D-E84A-4051-94FD-0015AF646379}.Debug|Any CPU.ActiveCfg = Debug|Any CPU
		{1D70984D-E84A-4051-94FD-0015AF646379}.Debug|Any CPU.Build.0 = Debug|Any CPU
		{1D70984D-E84A-4051-94FD-0015AF646379}.Release|Any CPU.ActiveCfg = Release|Any CPU
		{1D70984D-E84A-4051-94FD-0015AF646379}.Release|Any CPU.Build.0 = Release|Any CPU
		{45A09FE4-BC3D-4862-99D2-98C82AAB69F7}.Debug|Any CPU.ActiveCfg = Debug|Any CPU
		{45A09FE4-BC3D-4862-99D2-98C82AAB69F7}.Debug|Any CPU.Build.0 = Debug|Any CPU
		{45A09FE4-BC3D-4862-99D2-98C82AAB69F7}.Release|Any CPU.ActiveCfg = Release|Any CPU
		{45A09FE4-BC3D-4862-99D2-98C82AAB69F7}.Release|Any CPU.Build.0 = Release|Any CPU
		{32244A98-9C6E-4FF1-8A3C-B8FCCED01E40}.Debug|Any CPU.ActiveCfg = Debug|Any CPU
		{32244A98-9C6E-4FF1-8A3C-B8FCCED01E40}.Debug|Any CPU.Build.0 = Debug|Any CPU
		{32244A98-9C6E-4FF1-8A3C-B8FCCED01E40}.Release|Any CPU.ActiveCfg = Release|Any CPU
		{32244A98-9C6E-4FF1-8A3C-B8FCCED01E40}.Release|Any CPU.Build.0 = Release|Any CPU
		{CC4BA640-F120-45E2-AEFE-6DA6805CEF14}.Debug|Any CPU.ActiveCfg = Debug|Any CPU
		{CC4BA640-F120-45E2-AEFE-6DA6805CEF14}.Debug|Any CPU.Build.0 = Debug|Any CPU
		{CC4BA640-F120-45E2-AEFE-6DA6805CEF14}.Release|Any CPU.ActiveCfg = Release|Any CPU
		{CC4BA640-F120-45E2-AEFE-6DA6805CEF14}.Release|Any CPU.Build.0 = Release|Any CPU
	EndGlobalSection
	GlobalSection(SolutionProperties) = preSolution
		HideSolutionNode = FALSE
	EndGlobalSection
	GlobalSection(ExtensibilityGlobals) = postSolution
		SolutionGuid = {964761E1-81BF-44EC-8E31-00A07D254292}
	EndGlobalSection
EndGlobal
